{
    "_readme": [
        "This file locks the dependencies of your project to a known state",
        "Read more about it at https://getcomposer.org/doc/01-basic-usage.md#installing-dependencies",
        "This file is @generated automatically"
    ],
    "content-hash": "06009c602b65ee12afd6a8058eae21da",
    "packages": [
        {
            "name": "stougeiro/contract",
            "version": "v0.2.0",
            "source": {
                "type": "git",
                "url": "https://github.com/stougeiro/contract.git",
                "reference": "08adbecda64246fceaa0b5dc80c76d74115dc9c7"
            },
            "dist": {
                "type": "zip",
                "url": "https://api.github.com/repos/stougeiro/contract/zipball/08adbecda64246fceaa0b5dc80c76d74115dc9c7",
                "reference": "08adbecda64246fceaa0b5dc80c76d74115dc9c7",
                "shasum": ""
            },
            "require": {
                "php": "^8.1"
            },
            "type": "package",
            "autoload": {
                "files": [
                    "src/functions.php"
                ],
                "psr-4": {
                    "STDW\\Contract\\": "src/"
                }
            },
            "notification-url": "https://packagist.org/downloads/",
            "license": [
                "MIT"
            ],
            "authors": [
                {
                    "name": "stougeiro",
                    "email": "sidneytougeiro@gmail.com"
                }
            ],
            "support": {
                "issues": "https://github.com/stougeiro/contract/issues",
                "source": "https://github.com/stougeiro/contract/tree/v0.2.0"
            },
            "time": "2024-09-23T04:34:00+00:00"
        },
        {
            "name": "stougeiro/support",
            "version": "v0.1.0",
            "source": {
                "type": "git",
                "url": "https://github.com/stougeiro/support.git",
                "reference": "6e4fce9b98b11df7cb09a4611c6b8cfcc5ad65f1"
            },
            "dist": {
                "type": "zip",
                "url": "https://api.github.com/repos/stougeiro/support/zipball/6e4fce9b98b11df7cb09a4611c6b8cfcc5ad65f1",
                "reference": "6e4fce9b98b11df7cb09a4611c6b8cfcc5ad65f1",
                "shasum": ""
            },
            "require": {
                "php": "^8.1"
            },
            "type": "package",
            "autoload": {
                "psr-4": {
                    "STDW\\Support\\": "src/"
                }
            },
            "notification-url": "https://packagist.org/downloads/",
            "license": [
                "MIT"
            ],
            "authors": [
                {
                    "name": "stougeiro",
                    "email": "sidneytougeiro@gmail.com"
                }
            ],
            "support": {
                "issues": "https://github.com/stougeiro/support/issues",
                "source": "https://github.com/stougeiro/support/tree/v0.1.0"
            },
            "time": "2024-09-17T21:59:15+00:00"
        },
        {
            "name": "stougeiro/valueobject",
            "version": "v0.1.0",
            "source": {
                "type": "git",
                "url": "https://github.com/stougeiro/valueobject.git",
                "reference": "da99bb4cc332fae54c29d8c25b9eb37e334896cd"
            },
            "dist": {
                "type": "zip",
                "url": "https://api.github.com/repos/stougeiro/valueobject/zipball/da99bb4cc332fae54c29d8c25b9eb37e334896cd",
                "reference": "da99bb4cc332fae54c29d8c25b9eb37e334896cd",
                "shasum": ""
            },
            "require": {
                "php": "^8.1"
            },
            "type": "package",
            "autoload": {
                "psr-4": {
                    "STDW\\ValueObject\\": "src/"
                }
            },
            "notification-url": "https://packagist.org/downloads/",
            "license": [
                "MIT"
            ],
            "authors": [
                {
                    "name": "S.Tougeiro",
                    "email": "sidneytougeiro@gmail.com"
                }
            ],
            "support": {
                "issues": "https://github.com/stougeiro/valueobject/issues",
                "source": "https://github.com/stougeiro/valueobject/tree/v0.1.0"
            },
            "time": "2024-02-26T22:46:35+00:00"
        },
        {
            "name": "stougeiro/view-contract",
            "version": "v0.3.0",
            "source": {
                "type": "git",
                "url": "https://github.com/stougeiro/view-contract.git",
                "reference": "63e79d57806043668c8416c617ad352e9cb02dcc"
            },
            "dist": {
                "type": "zip",
                "url": "https://api.github.com/repos/stougeiro/view-contract/zipball/63e79d57806043668c8416c617ad352e9cb02dcc",
                "reference": "63e79d57806043668c8416c617ad352e9cb02dcc",
                "shasum": ""
            },
            "require": {
                "php": "^8.1"
            },
            "type": "package",
            "autoload": {
                "psr-4": {
                    "STDW\\View\\Contract\\": "src/"
                }
            },
            "notification-url": "https://packagist.org/downloads/",
            "license": [
                "MIT"
            ],
            "authors": [
                {
                    "name": "stougeiro",
                    "email": "sidneytougeiro@gmail.com"
                }
            ],
            "support": {
                "issues": "https://github.com/stougeiro/view-contract/issues",
                "source": "https://github.com/stougeiro/view-contract/tree/v0.3.0"
            },
            "time": "2024-09-23T03:52:16+00:00"
        }
    ],
    "packages-dev": [],
    "aliases": [],
    "minimum-stability": "dev",
    "stability-flags": [],
    "prefer-stable": false,
    "prefer-lowest": false,
    "platform": {
        "php": "^8.1"
    },
    "platform-dev": [],
    "plugin-api-version": "2.6.0"
}
