{
    "_readme": [
        "This file locks the dependencies of your project to a known state",
        "Read more about it at https://getcomposer.org/doc/01-basic-usage.md#installing-dependencies",
        "This file is @generated automatically"
    ],
    "content-hash": "54ea7635e0a9cc898f44e8d9f4c40a3d",
    "packages": [
        {
            "name": "psr/container",
            "version": "2.0.2",
            "source": {
                "type": "git",
                "url": "https://github.com/php-fig/container.git",
                "reference": "c71ecc56dfe541dbd90c5360474fbc405f8d5963"
            },
            "dist": {
                "type": "zip",
                "url": "https://api.github.com/repos/php-fig/container/zipball/c71ecc56dfe541dbd90c5360474fbc405f8d5963",
                "reference": "c71ecc56dfe541dbd90c5360474fbc405f8d5963",
                "shasum": ""
            },
            "require": {
                "php": ">=7.4.0"
            },
            "type": "library",
            "extra": {
                "branch-alias": {
                    "dev-master": "2.0.x-dev"
                }
            },
            "autoload": {
                "psr-4": {
                    "Psr\\Container\\": "src/"
                }
            },
            "notification-url": "https://packagist.org/downloads/",
            "license": [
                "MIT"
            ],
            "authors": [
                {
                    "name": "PHP-FIG",
                    "homepage": "https://www.php-fig.org/"
                }
            ],
            "description": "Common Container Interface (PHP FIG PSR-11)",
            "homepage": "https://github.com/php-fig/container",
            "keywords": [
                "PSR-11",
                "container",
                "container-interface",
                "container-interop",
                "psr"
            ],
            "support": {
                "issues": "https://github.com/php-fig/container/issues",
                "source": "https://github.com/php-fig/container/tree/2.0.2"
            },
            "time": "2021-11-05T16:47:00+00:00"
        },
        {
            "name": "stougeiro/container-contract",
            "version": "v0.1.0",
            "source": {
                "type": "git",
                "url": "https://github.com/stougeiro/container-contract.git",
                "reference": "f77d98e12b05531be87717224052ae195c84bad2"
            },
            "dist": {
                "type": "zip",
                "url": "https://api.github.com/repos/stougeiro/container-contract/zipball/f77d98e12b05531be87717224052ae195c84bad2",
                "reference": "f77d98e12b05531be87717224052ae195c84bad2",
                "shasum": ""
            },
            "require": {
                "php": "^8.1",
                "psr/container": "2.0.2"
            },
            "type": "package",
            "autoload": {
                "psr-4": {
                    "STDW\\Container\\Contract\\": "src/"
                }
            },
            "notification-url": "https://packagist.org/downloads/",
            "license": [
                "MIT"
            ],
            "authors": [
                {
                    "name": "stougeiro",
                    "email": "sidneytougeiro@gmail.com"
                }
            ],
            "support": {
                "issues": "https://github.com/stougeiro/container-contract/issues",
                "source": "https://github.com/stougeiro/container-contract/tree/v0.1.0"
            },
            "time": "2024-09-18T18:11:16+00:00"
        },
        {
            "name": "stougeiro/contract",
            "version": "v0.4.2",
            "source": {
                "type": "git",
                "url": "https://github.com/stougeiro/contract.git",
                "reference": "b419402b11a8b077810a46c99efd5deda8a5eff9"
            },
            "dist": {
                "type": "zip",
                "url": "https://api.github.com/repos/stougeiro/contract/zipball/b419402b11a8b077810a46c99efd5deda8a5eff9",
                "reference": "b419402b11a8b077810a46c99efd5deda8a5eff9",
                "shasum": ""
            },
            "require": {
                "php": "^8.1",
                "stougeiro/container-contract": "0.1.0"
            },
            "type": "package",
            "autoload": {
                "files": [
                    "src/functions.php"
                ],
                "psr-4": {
                    "STDW\\Contract\\": "src/"
                }
            },
            "notification-url": "https://packagist.org/downloads/",
            "license": [
                "MIT"
            ],
            "authors": [
                {
                    "name": "stougeiro",
                    "email": "sidneytougeiro@gmail.com"
                }
            ],
            "support": {
                "issues": "https://github.com/stougeiro/contract/issues",
                "source": "https://github.com/stougeiro/contract/tree/v0.4.2"
            },
            "time": "2024-09-23T06:39:38+00:00"
        },
        {
            "name": "stougeiro/support",
            "version": "v0.1.0",
            "source": {
                "type": "git",
                "url": "https://github.com/stougeiro/support.git",
                "reference": "6e4fce9b98b11df7cb09a4611c6b8cfcc5ad65f1"
            },
            "dist": {
                "type": "zip",
                "url": "https://api.github.com/repos/stougeiro/support/zipball/6e4fce9b98b11df7cb09a4611c6b8cfcc5ad65f1",
                "reference": "6e4fce9b98b11df7cb09a4611c6b8cfcc5ad65f1",
                "shasum": ""
            },
            "require": {
                "php": "^8.1"
            },
            "type": "package",
            "autoload": {
                "psr-4": {
                    "STDW\\Support\\": "src/"
                }
            },
            "notification-url": "https://packagist.org/downloads/",
            "license": [
                "MIT"
            ],
            "authors": [
                {
                    "name": "stougeiro",
                    "email": "sidneytougeiro@gmail.com"
                }
            ],
            "support": {
                "issues": "https://github.com/stougeiro/support/issues",
                "source": "https://github.com/stougeiro/support/tree/v0.1.0"
            },
            "time": "2024-09-17T21:59:15+00:00"
        },
        {
            "name": "stougeiro/valueobject",
            "version": "v0.1.0",
            "source": {
                "type": "git",
                "url": "https://github.com/stougeiro/valueobject.git",
                "reference": "da99bb4cc332fae54c29d8c25b9eb37e334896cd"
            },
            "dist": {
                "type": "zip",
                "url": "https://api.github.com/repos/stougeiro/valueobject/zipball/da99bb4cc332fae54c29d8c25b9eb37e334896cd",
                "reference": "da99bb4cc332fae54c29d8c25b9eb37e334896cd",
                "shasum": ""
            },
            "require": {
                "php": "^8.1"
            },
            "type": "package",
            "autoload": {
                "psr-4": {
                    "STDW\\ValueObject\\": "src/"
                }
            },
            "notification-url": "https://packagist.org/downloads/",
            "license": [
                "MIT"
            ],
            "authors": [
                {
                    "name": "S.Tougeiro",
                    "email": "sidneytougeiro@gmail.com"
                }
            ],
            "support": {
                "issues": "https://github.com/stougeiro/valueobject/issues",
                "source": "https://github.com/stougeiro/valueobject/tree/v0.1.0"
            },
            "time": "2024-02-26T22:46:35+00:00"
        },
        {
            "name": "stougeiro/view-contract",
            "version": "v0.3.0",
            "source": {
                "type": "git",
                "url": "https://github.com/stougeiro/view-contract.git",
                "reference": "63e79d57806043668c8416c617ad352e9cb02dcc"
            },
            "dist": {
                "type": "zip",
                "url": "https://api.github.com/repos/stougeiro/view-contract/zipball/63e79d57806043668c8416c617ad352e9cb02dcc",
                "reference": "63e79d57806043668c8416c617ad352e9cb02dcc",
                "shasum": ""
            },
            "require": {
                "php": "^8.1"
            },
            "type": "package",
            "autoload": {
                "psr-4": {
                    "STDW\\View\\Contract\\": "src/"
                }
            },
            "notification-url": "https://packagist.org/downloads/",
            "license": [
                "MIT"
            ],
            "authors": [
                {
                    "name": "stougeiro",
                    "email": "sidneytougeiro@gmail.com"
                }
            ],
            "support": {
                "issues": "https://github.com/stougeiro/view-contract/issues",
                "source": "https://github.com/stougeiro/view-contract/tree/v0.3.0"
            },
            "time": "2024-09-23T03:52:16+00:00"
        }
    ],
    "packages-dev": [],
    "aliases": [],
    "minimum-stability": "dev",
    "stability-flags": [],
    "prefer-stable": false,
    "prefer-lowest": false,
    "platform": {
        "php": "^8.1"
    },
    "platform-dev": [],
    "plugin-api-version": "2.6.0"
}
